{
  "version": 4,
  "terraform_version": "1.3.4",
  "serial": 3,
  "lineage": "b2697322-66d6-4012-79f6-2003d2e35599",
  "outputs": {},
  "resources": [
    {
      "mode": "managed",
      "type": "aws_vpc",
      "name": "main",
      "provider": "provider[\"registry.terraform.io/hashicorp/aws\"]",
      "instances": [
        {
          "schema_version": 1,
          "attributes": {
            "arn": "arn:aws:ec2:ap-northeast-1:457032630484:vpc/vpc-020ab6908993786cd",
            "assign_generated_ipv6_cidr_block": false,
            "cidr_block": "10.0.0.0/16",
            "default_network_acl_id": "acl-0318f50d6ebf40320",
            "default_route_table_id": "rtb-0c2c6a1b3bcaa961b",
            "default_security_group_id": "sg-0dd3369dd51a31fa6",
            "dhcp_options_id": "dopt-075478b711551eca6",
            "enable_classiclink": false,
            "enable_classiclink_dns_support": false,
            "enable_dns_hostnames": false,
            "enable_dns_support": true,
            "enable_network_address_usage_metrics": false,
            "id": "vpc-020ab6908993786cd",
            "instance_tenancy": "default",
            "ipv4_ipam_pool_id": null,
            "ipv4_netmask_length": null,
            "ipv6_association_id": "",
            "ipv6_cidr_block": "",
            "ipv6_cidr_block_network_border_group": "",
            "ipv6_ipam_pool_id": "",
            "ipv6_netmask_length": 0,
            "main_route_table_id": "rtb-0c2c6a1b3bcaa961b",
            "owner_id": "457032630484",
            "tags": {
              "Name": "bkacad"
            },
            "tags_all": {
              "Name": "bkacad"
            }
          },
          "sensitive_attributes": [],
          "private": "eyJzY2hlbWFfdmVyc2lvbiI6IjEifQ=="
        }
      ]
    }
  ],
  "check_results": null
}
